// !$*UTF8*$!
{
	archiveVersion = 1;
	classes = {
	};
	objectVersion = 55;
	objects = {

/* Begin PBXBuildFile section */
		A48011E65F3EC8B5339CAE3C /* Pods_PlanAR.framework in Frameworks */ = {isa = PBXBuildFile; fileRef = E197E5F2722195FDC5720ADA /* Pods_PlanAR.framework */; };
		A8B368F4297A3E3C00D97C85 /* LoginViewModel.swift in Sources */ = {isa = PBXBuildFile; fileRef = A8B368F3297A3E3C00D97C85 /* LoginViewModel.swift */; };
		A8EE2296296D03F40080B08F /* PlanARApp.swift in Sources */ = {isa = PBXBuildFile; fileRef = A8EE2295296D03F40080B08F /* PlanARApp.swift */; };
		A8EE2298296D03F40080B08F /* LoginView.swift in Sources */ = {isa = PBXBuildFile; fileRef = A8EE2297296D03F40080B08F /* LoginView.swift */; };
		A8EE229A296D03F50080B08F /* Assets.xcassets in Resources */ = {isa = PBXBuildFile; fileRef = A8EE2299296D03F50080B08F /* Assets.xcassets */; };
		A8EE229D296D03F50080B08F /* Preview Assets.xcassets in Resources */ = {isa = PBXBuildFile; fileRef = A8EE229C296D03F50080B08F /* Preview Assets.xcassets */; };
/* End PBXBuildFile section */

/* Begin PBXFileReference section */
		3CF96EF81EE8BD9EF1AE7C92 /* Pods-PlanAR.release.xcconfig */ = {isa = PBXFileReference; includeInIndex = 1; lastKnownFileType = text.xcconfig; name = "Pods-PlanAR.release.xcconfig"; path = "Target Support Files/Pods-PlanAR/Pods-PlanAR.release.xcconfig"; sourceTree = "<group>"; };
		A8B368F3297A3E3C00D97C85 /* LoginViewModel.swift */ = {isa = PBXFileReference; lastKnownFileType = sourcecode.swift; name = LoginViewModel.swift; path = PlanAR/Core/Login/ViewModel/LoginViewModel.swift; sourceTree = SOURCE_ROOT; };
		A8EE2292296D03F40080B08F /* PlanAR.app */ = {isa = PBXFileReference; explicitFileType = wrapper.application; includeInIndex = 0; path = PlanAR.app; sourceTree = BUILT_PRODUCTS_DIR; };
		A8EE2295296D03F40080B08F /* PlanARApp.swift */ = {isa = PBXFileReference; lastKnownFileType = sourcecode.swift; path = PlanARApp.swift; sourceTree = "<group>"; };
		A8EE2297296D03F40080B08F /* LoginView.swift */ = {isa = PBXFileReference; lastKnownFileType = sourcecode.swift; path = LoginView.swift; sourceTree = "<group>"; };
		A8EE2299296D03F50080B08F /* Assets.xcassets */ = {isa = PBXFileReference; lastKnownFileType = folder.assetcatalog; path = Assets.xcassets; sourceTree = "<group>"; };
		A8EE229C296D03F50080B08F /* Preview Assets.xcassets */ = {isa = PBXFileReference; lastKnownFileType = folder.assetcatalog; path = "Preview Assets.xcassets"; sourceTree = "<group>"; };
		BD254550E62DFBDBC4C11117 /* Pods-PlanAR.debug.xcconfig */ = {isa = PBXFileReference; includeInIndex = 1; lastKnownFileType = text.xcconfig; name = "Pods-PlanAR.debug.xcconfig"; path = "Target Support Files/Pods-PlanAR/Pods-PlanAR.debug.xcconfig"; sourceTree = "<group>"; };
		E197E5F2722195FDC5720ADA /* Pods_PlanAR.framework */ = {isa = PBXFileReference; explicitFileType = wrapper.framework; includeInIndex = 0; path = Pods_PlanAR.framework; sourceTree = BUILT_PRODUCTS_DIR; };
/* End PBXFileReference section */

/* Begin PBXFrameworksBuildPhase section */
		A8EE228F296D03F40080B08F /* Frameworks */ = {
			isa = PBXFrameworksBuildPhase;
			buildActionMask = 2147483647;
			files = (
				A48011E65F3EC8B5339CAE3C /* Pods_PlanAR.framework in Frameworks */,
			);
			runOnlyForDeploymentPostprocessing = 0;
		};
/* End PBXFrameworksBuildPhase section */

/* Begin PBXGroup section */
		420FAA4A92D0FA4567B99CE4 /* Frameworks */ = {
			isa = PBXGroup;
			children = (
				E197E5F2722195FDC5720ADA /* Pods_PlanAR.framework */,
			);
			name = Frameworks;
			sourceTree = "<group>";
		};
		A8B7CB092980870B00B60CCB /* App */ = {
			isa = PBXGroup;
			children = (
				A8EE2295296D03F40080B08F /* PlanARApp.swift */,
			);
			path = App;
			sourceTree = "<group>";
		};
		A8B7CB0A2980871800B60CCB /* Core */ = {
			isa = PBXGroup;
			children = (
				A8B7CB0F2980880100B60CCB /* Home */,
				A8B7CB0C2980878000B60CCB /* Login */,
			);
			path = Core;
			sourceTree = "<group>";
		};
		A8B7CB0B2980874100B60CCB /* Models */ = {
			isa = PBXGroup;
			children = (
			);
			path = Models;
			sourceTree = "<group>";
		};
		A8B7CB0C2980878000B60CCB /* Login */ = {
			isa = PBXGroup;
			children = (
				A8B7CB0E2980879F00B60CCB /* ViewModel */,
				A8B7CB0D2980879B00B60CCB /* Views */,
			);
			path = Login;
			sourceTree = "<group>";
		};
		A8B7CB0D2980879B00B60CCB /* Views */ = {
			isa = PBXGroup;
			children = (
				A8EE2297296D03F40080B08F /* LoginView.swift */,
			);
			path = Views;
			sourceTree = "<group>";
		};
		A8B7CB0E2980879F00B60CCB /* ViewModel */ = {
			isa = PBXGroup;
			children = (
				A8B368F3297A3E3C00D97C85 /* LoginViewModel.swift */,
			);
			path = ViewModel;
			sourceTree = "<group>";
		};
		A8B7CB0F2980880100B60CCB /* Home */ = {
			isa = PBXGroup;
			children = (
				A8B7CB1129808B4500B60CCB /* ViewModel */,
				A8B7CB1029808B4100B60CCB /* Views */,
			);
			path = Home;
			sourceTree = "<group>";
		};
		A8B7CB1029808B4100B60CCB /* Views */ = {
			isa = PBXGroup;
			children = (
			);
			path = Views;
			sourceTree = "<group>";
		};
		A8B7CB1129808B4500B60CCB /* ViewModel */ = {
			isa = PBXGroup;
			children = (
			);
			path = ViewModel;
			sourceTree = "<group>";
		};
		A8EE2289296D03F40080B08F = {
			isa = PBXGroup;
			children = (
				A8EE2294296D03F40080B08F /* PlanAR */,
				A8EE2293296D03F40080B08F /* Products */,
				D05BEA593B40E95292425B55 /* Pods */,
				420FAA4A92D0FA4567B99CE4 /* Frameworks */,
			);
			sourceTree = "<group>";
		};
		A8EE2293296D03F40080B08F /* Products */ = {
			isa = PBXGroup;
			children = (
				A8EE2292296D03F40080B08F /* PlanAR.app */,
			);
			name = Products;
			sourceTree = "<group>";
		};
		A8EE2294296D03F40080B08F /* PlanAR */ = {
			isa = PBXGroup;
			children = (
				A8B7CB092980870B00B60CCB /* App */,
				A8B7CB0A2980871800B60CCB /* Core */,
				A8B7CB0B2980874100B60CCB /* Models */,
				A8EE2299296D03F50080B08F /* Assets.xcassets */,
				A8EE229B296D03F50080B08F /* Preview Content */,
			);
			path = PlanAR;
			sourceTree = "<group>";
		};
		A8EE229B296D03F50080B08F /* Preview Content */ = {
			isa = PBXGroup;
			children = (
				A8EE229C296D03F50080B08F /* Preview Assets.xcassets */,
			);
			path = "Preview Content";
			sourceTree = "<group>";
		};
		D05BEA593B40E95292425B55 /* Pods */ = {
			isa = PBXGroup;
			children = (
				BD254550E62DFBDBC4C11117 /* Pods-PlanAR.debug.xcconfig */,
				3CF96EF81EE8BD9EF1AE7C92 /* Pods-PlanAR.release.xcconfig */,
			);
			path = Pods;
			sourceTree = "<group>";
		};
/* End PBXGroup section */

/* Begin PBXNativeTarget section */
		A8EE2291296D03F40080B08F /* PlanAR */ = {
			isa = PBXNativeTarget;
			buildConfigurationList = A8EE22A0296D03F50080B08F /* Build configuration list for PBXNativeTarget "PlanAR" */;
			buildPhases = (
				96404DBBBA86AE583470675E /* [CP] Check Pods Manifest.lock */,
				A8EE228E296D03F40080B08F /* Sources */,
				A8EE228F296D03F40080B08F /* Frameworks */,
				A8EE2290296D03F40080B08F /* Resources */,
			);
			buildRules = (
			);
			dependencies = (
			);
			name = PlanAR;
			productName = PlanAR;
			productReference = A8EE2292296D03F40080B08F /* PlanAR.app */;
			productType = "com.apple.product-type.application";
		};
/* End PBXNativeTarget section */

/* Begin PBXProject section */
		A8EE228A296D03F40080B08F /* Project object */ = {
			isa = PBXProject;
			attributes = {
				BuildIndependentTargetsInParallel = 1;
				LastSwiftUpdateCheck = 1420;
				LastUpgradeCheck = 1420;
				TargetAttributes = {
					A8EE2291296D03F40080B08F = {
						CreatedOnToolsVersion = 14.2;
					};
				};
			};
			buildConfigurationList = A8EE228D296D03F40080B08F /* Build configuration list for PBXProject "PlanAR" */;
			compatibilityVersion = "Xcode 13.0";
			developmentRegion = en;
			hasScannedForEncodings = 0;
			knownRegions = (
				en,
				Base,
			);
			mainGroup = A8EE2289296D03F40080B08F;
			productRefGroup = A8EE2293296D03F40080B08F /* Products */;
			projectDirPath = "";
			projectRoot = "";
			targets = (
				A8EE2291296D03F40080B08F /* PlanAR */,
			);
		};
/* End PBXProject section */

/* Begin PBXResourcesBuildPhase section */
		A8EE2290296D03F40080B08F /* Resources */ = {
			isa = PBXResourcesBuildPhase;
			buildActionMask = 2147483647;
			files = (
				A8EE229D296D03F50080B08F /* Preview Assets.xcassets in Resources */,
				A8EE229A296D03F50080B08F /* Assets.xcassets in Resources */,
			);
			runOnlyForDeploymentPostprocessing = 0;
		};
/* End PBXResourcesBuildPhase section */

/* Begin PBXShellScriptBuildPhase section */
		96404DBBBA86AE583470675E /* [CP] Check Pods Manifest.lock */ = {
			isa = PBXShellScriptBuildPhase;
			buildActionMask = 2147483647;
			files = (
			);
			inputFileListPaths = (
			);
			inputPaths = (
				"${PODS_PODFILE_DIR_PATH}/Podfile.lock",
				"${PODS_ROOT}/Manifest.lock",
			);
			name = "[CP] Check Pods Manifest.lock";
			outputFileListPaths = (
			);
			outputPaths = (
				"$(DERIVED_FILE_DIR)/Pods-PlanAR-checkManifestLockResult.txt",
			);
			runOnlyForDeploymentPostprocessing = 0;
			shellPath = /bin/sh;
			shellScript = "diff \"${PODS_PODFILE_DIR_PATH}/Podfile.lock\" \"${PODS_ROOT}/Manifest.lock\" > /dev/null\nif [ $? != 0 ] ; then\n    # print error to STDERR\n    echo \"error: The sandbox is not in sync with the Podfile.lock. Run 'pod install' or update your CocoaPods installation.\" >&2\n    exit 1\nfi\n# This output is used by Xcode 'outputs' to avoid re-running this script phase.\necho \"SUCCESS\" > \"${SCRIPT_OUTPUT_FILE_0}\"\n";
			showEnvVarsInLog = 0;
		};
/* End PBXShellScriptBuildPhase section */

/* Begin PBXSourcesBuildPhase section */
		A8EE228E296D03F40080B08F /* Sources */ = {
			isa = PBXSourcesBuildPhase;
			buildActionMask = 2147483647;
			files = (
				A8EE2298296D03F40080B08F /* LoginView.swift in Sources */,
				A8EE2296296D03F40080B08F /* PlanARApp.swift in Sources */,
				A8B368F4297A3E3C00D97C85 /* LoginViewModel.swift in Sources */,
			);
			runOnlyForDeploymentPostprocessing = 0;
		};
/* End PBXSourcesBuildPhase section */

/* Begin XCBuildConfiguration section */
		A8EE229E296D03F50080B08F /* Debug */ = {
			isa = XCBuildConfiguration;
			buildSettings = {
				ALWAYS_SEARCH_USER_PATHS = NO;
				CLANG_ANALYZER_NONNULL = YES;
				CLANG_ANALYZER_NUMBER_OBJECT_CONVERSION = YES_AGGRESSIVE;
				CLANG_CXX_LANGUAGE_STANDARD = "gnu++20";
				CLANG_ENABLE_MODULES = YES;
				CLANG_ENABLE_OBJC_ARC = YES;
				CLANG_ENABLE_OBJC_WEAK = YES;
				CLANG_WARN_BLOCK_CAPTURE_AUTORELEASING = YES;
				CLANG_WARN_BOOL_CONVERSION = YES;
				CLANG_WARN_COMMA = YES;
				CLANG_WARN_CONSTANT_CONVERSION = YES;
				CLANG_WARN_DEPRECATED_OBJC_IMPLEMENTATIONS = YES;
				CLANG_WARN_DIRECT_OBJC_ISA_USAGE = YES_ERROR;
				CLANG_WARN_DOCUMENTATION_COMMENTS = YES;
				CLANG_WARN_EMPTY_BODY = YES;
				CLANG_WARN_ENUM_CONVERSION = YES;
				CLANG_WARN_INFINITE_RECURSION = YES;
				CLANG_WARN_INT_CONVERSION = YES;
				CLANG_WARN_NON_LITERAL_NULL_CONVERSION = YES;
				CLANG_WARN_OBJC_IMPLICIT_RETAIN_SELF = YES;
				CLANG_WARN_OBJC_LITERAL_CONVERSION = YES;
				CLANG_WARN_OBJC_ROOT_CLASS = YES_ERROR;
				CLANG_WARN_QUOTED_INCLUDE_IN_FRAMEWORK_HEADER = YES;
				CLANG_WARN_RANGE_LOOP_ANALYSIS = YES;
				CLANG_WARN_STRICT_PROTOTYPES = YES;
				CLANG_WARN_SUSPICIOUS_MOVE = YES;
				CLANG_WARN_UNGUARDED_AVAILABILITY = YES_AGGRESSIVE;
				CLANG_WARN_UNREACHABLE_CODE = YES;
				CLANG_WARN__DUPLICATE_METHOD_MATCH = YES;
				COPY_PHASE_STRIP = NO;
				DEBUG_INFORMATION_FORMAT = dwarf;
				ENABLE_STRICT_OBJC_MSGSEND = YES;
				ENABLE_TESTABILITY = YES;
				GCC_C_LANGUAGE_STANDARD = gnu11;
				GCC_DYNAMIC_NO_PIC = NO;
				GCC_NO_COMMON_BLOCKS = YES;
				GCC_OPTIMIZATION_LEVEL = 0;
				GCC_PREPROCESSOR_DEFINITIONS = (
					"DEBUG=1",
					"$(inherited)",
				);
				GCC_WARN_64_TO_32_BIT_CONVERSION = YES;
				GCC_WARN_ABOUT_RETURN_TYPE = YES_ERROR;
				GCC_WARN_UNDECLARED_SELECTOR = YES;
				GCC_WARN_UNINITIALIZED_AUTOS = YES_AGGRESSIVE;
				GCC_WARN_UNUSED_FUNCTION = YES;
				GCC_WARN_UNUSED_VARIABLE = YES;
				IPHONEOS_DEPLOYMENT_TARGET = 16.2;
				MTL_ENABLE_DEBUG_INFO = INCLUDE_SOURCE;
				MTL_FAST_MATH = YES;
				ONLY_ACTIVE_ARCH = YES;
				SDKROOT = iphoneos;
				SWIFT_ACTIVE_COMPILATION_CONDITIONS = DEBUG;
				SWIFT_OPTIMIZATION_LEVEL = "-Onone";
			};
			name = Debug;
		};
		A8EE229F296D03F50080B08F /* Release */ = {
			isa = XCBuildConfiguration;
			buildSettings = {
				ALWAYS_SEARCH_USER_PATHS = NO;
				CLANG_ANALYZER_NONNULL = YES;
				CLANG_ANALYZER_NUMBER_OBJECT_CONVERSION = YES_AGGRESSIVE;
				CLANG_CXX_LANGUAGE_STANDARD = "gnu++20";
				CLANG_ENABLE_MODULES = YES;
				CLANG_ENABLE_OBJC_ARC = YES;
				CLANG_ENABLE_OBJC_WEAK = YES;
				CLANG_WARN_BLOCK_CAPTURE_AUTORELEASING = YES;
				CLANG_WARN_BOOL_CONVERSION = YES;
				CLANG_WARN_COMMA = YES;
				CLANG_WARN_CONSTANT_CONVERSION = YES;
				CLANG_WARN_DEPRECATED_OBJC_IMPLEMENTATIONS = YES;
				CLANG_WARN_DIRECT_OBJC_ISA_USAGE = YES_ERROR;
				CLANG_WARN_DOCUMENTATION_COMMENTS = YES;
				CLANG_WARN_EMPTY_BODY = YES;
				CLANG_WARN_ENUM_CONVERSION = YES;
				CLANG_WARN_INFINITE_RECURSION = YES;
				CLANG_WARN_INT_CONVERSION = YES;
				CLANG_WARN_NON_LITERAL_NULL_CONVERSION = YES;
				CLANG_WARN_OBJC_IMPLICIT_RETAIN_SELF = YES;
				CLANG_WARN_OBJC_LITERAL_CONVERSION = YES;
				CLANG_WARN_OBJC_ROOT_CLASS = YES_ERROR;
				CLANG_WARN_QUOTED_INCLUDE_IN_FRAMEWORK_HEADER = YES;
				CLANG_WARN_RANGE_LOOP_ANALYSIS = YES;
				CLANG_WARN_STRICT_PROTOTYPES = YES;
				CLANG_WARN_SUSPICIOUS_MOVE = YES;
				CLANG_WARN_UNGUARDED_AVAILABILITY = YES_AGGRESSIVE;
				CLANG_WARN_UNREACHABLE_CODE = YES;
				CLANG_WARN__DUPLICATE_METHOD_MATCH = YES;
				COPY_PHASE_STRIP = NO;
				DEBUG_INFORMATION_FORMAT = "dwarf-with-dsym";
				ENABLE_NS_ASSERTIONS = NO;
				ENABLE_STRICT_OBJC_MSGSEND = YES;
				GCC_C_LANGUAGE_STANDARD = gnu11;
				GCC_NO_COMMON_BLOCKS = YES;
				GCC_WARN_64_TO_32_BIT_CONVERSION = YES;
				GCC_WARN_ABOUT_RETURN_TYPE = YES_ERROR;
				GCC_WARN_UNDECLARED_SELECTOR = YES;
				GCC_WARN_UNINITIALIZED_AUTOS = YES_AGGRESSIVE;
				GCC_WARN_UNUSED_FUNCTION = YES;
				GCC_WARN_UNUSED_VARIABLE = YES;
				IPHONEOS_DEPLOYMENT_TARGET = 16.2;
				MTL_ENABLE_DEBUG_INFO = NO;
				MTL_FAST_MATH = YES;
				SDKROOT = iphoneos;
				SWIFT_COMPILATION_MODE = wholemodule;
				SWIFT_OPTIMIZATION_LEVEL = "-O";
				VALIDATE_PRODUCT = YES;
			};
			name = Release;
		};
		A8EE22A1296D03F50080B08F /* Debug */ = {
			isa = XCBuildConfiguration;
			baseConfigurationReference = BD254550E62DFBDBC4C11117 /* Pods-PlanAR.debug.xcconfig */;
			buildSettings = {
				ASSETCATALOG_COMPILER_APPICON_NAME = AppIcon;
				ASSETCATALOG_COMPILER_GLOBAL_ACCENT_COLOR_NAME = AccentColor;
				CODE_SIGN_STYLE = Automatic;
				CURRENT_PROJECT_VERSION = 1;
				DEVELOPMENT_ASSET_PATHS = "\"PlanAR/Preview Content\"";
				DEVELOPMENT_TEAM = 63RR3W53RS;
				ENABLE_PREVIEWS = YES;
				GENERATE_INFOPLIST_FILE = YES;
				INFOPLIST_KEY_UIApplicationSceneManifest_Generation = YES;
				INFOPLIST_KEY_UIApplicationSupportsIndirectInputEvents = YES;
				INFOPLIST_KEY_UILaunchScreen_Generation = YES;
				INFOPLIST_KEY_UISupportedInterfaceOrientations_iPad = "UIInterfaceOrientationPortrait UIInterfaceOrientationPortraitUpsideDown UIInterfaceOrientationLandscapeLeft UIInterfaceOrientationLandscapeRight";
				INFOPLIST_KEY_UISupportedInterfaceOrientations_iPhone = "UIInterfaceOrientationPortrait UIInterfaceOrientationLandscapeLeft UIInterfaceOrientationLandscapeRight";
				LD_RUNPATH_SEARCH_PATHS = (
					"$(inherited)",
					"@executable_path/Frameworks",
				);
				MARKETING_VERSION = 1.0;
				PRODUCT_BUNDLE_IDENTIFIER = tang.com.PlanAR;
				PRODUCT_NAME = "$(TARGET_NAME)";
				SWIFT_EMIT_LOC_STRINGS = YES;
				SWIFT_VERSION = 5.0;
				TARGETED_DEVICE_FAMILY = "1,2";
			};
			name = Debug;
		};
		A8EE22A2296D03F50080B08F /* Release */ = {
			isa = XCBuildConfiguration;
			baseConfigurationReference = 3CF96EF81EE8BD9EF1AE7C92 /* Pods-PlanAR.release.xcconfig */;
			buildSettings = {
				ASSETCATALOG_COMPILER_APPICON_NAME = AppIcon;
				ASSETCATALOG_COMPILER_GLOBAL_ACCENT_COLOR_NAME = AccentColor;
				CODE_SIGN_STYLE = Automatic;
				CURRENT_PROJECT_VERSION = 1;
				DEVELOPMENT_ASSET_PATHS = "\"PlanAR/Preview Content\"";
				DEVELOPMENT_TEAM = 63RR3W53RS;
				ENABLE_PREVIEWS = YES;
				GENERATE_INFOPLIST_FILE = YES;
				INFOPLIST_KEY_UIApplicationSceneManifest_Generation = YES;
				INFOPLIST_KEY_UIApplicationSupportsIndirectInputEvents = YES;
				INFOPLIST_KEY_UILaunchScreen_Generation = YES;
				INFOPLIST_KEY_UISupportedInterfaceOrientations_iPad = "UIInterfaceOrientationPortrait UIInterfaceOrientationPortraitUpsideDown UIInterfaceOrientationLandscapeLeft UIInterfaceOrientationLandscapeRight";
				INFOPLIST_KEY_UISupportedInterfaceOrientations_iPhone = "UIInterfaceOrientationPortrait UIInterfaceOrientationLandscapeLeft UIInterfaceOrientationLandscapeRight";
				LD_RUNPATH_SEARCH_PATHS = (
					"$(inherited)",
					"@executable_path/Frameworks",
				);
				MARKETING_VERSION = 1.0;
				PRODUCT_BUNDLE_IDENTIFIER = tang.com.PlanAR;
				PRODUCT_NAME = "$(TARGET_NAME)";
				SWIFT_EMIT_LOC_STRINGS = YES;
				SWIFT_VERSION = 5.0;
				TARGETED_DEVICE_FAMILY = "1,2";
			};
			name = Release;
		};
/* End XCBuildConfiguration section */

/* Begin XCConfigurationList section */
		A8EE228D296D03F40080B08F /* Build configuration list for PBXProject "PlanAR" */ = {
			isa = XCConfigurationList;
			buildConfigurations = (
				A8EE229E296D03F50080B08F /* Debug */,
				A8EE229F296D03F50080B08F /* Release */,
			);
			defaultConfigurationIsVisible = 0;
			defaultConfigurationName = Release;
		};
		A8EE22A0296D03F50080B08F /* Build configuration list for PBXNativeTarget "PlanAR" */ = {
			isa = XCConfigurationList;
			buildConfigurations = (
				A8EE22A1296D03F50080B08F /* Debug */,
				A8EE22A2296D03F50080B08F /* Release */,
			);
			defaultConfigurationIsVisible = 0;
			defaultConfigurationName = Release;
		};
/* End XCConfigurationList section */
	};
	rootObject = A8EE228A296D03F40080B08F /* Project object */;
}
